
Microsoft Visual Studio Solution File, Format Version 12.00
# Visual Studio 15
VisualStudioVersion = 15.0.28010.2041
MinimumVisualStudioVersion = 10.0.40219.1
Project("{FAE04EC0-301F-11D3-BF4B-00C04F79EFBC}") = "TicTacToe", "TicTacToe\TicTacToe.csproj", "{F6667E16-5939-45C2-9B73-906C674B24B1}"
EndProject
Global
	GlobalSection(SolutionConfigurationPlatforms) = preSolution
		Debug|Any CPU = Debug|Any CPU
		Release|Any CPU = Release|Any CPU
	EndGlobalSection
	GlobalSection(ProjectConfigurationPlatforms) = postSolution
		{F6667E16-5939-45C2-9B73-906C674B24B1}.Debug|Any CPU.ActiveCfg = Debug|Any CPU
		{F6667E16-5939-45C2-9B73-906C674B24B1}.Debug|Any CPU.Build.0 = Debug|Any CPU
		{F6667E16-5939-45C2-9B73-906C674B24B1}.Release|Any CPU.ActiveCfg = Release|Any CPU
		{F6667E16-5939-45C2-9B73-906C674B24B1}.Release|Any CPU.Build.0 = Release|Any CPU
	EndGlobalSection
	GlobalSection(SolutionProperties) = preSolution
		HideSolutionNode = FALSE
	EndGlobalSection
	GlobalSection(ExtensibilityGlobals) = postSolution
		SolutionGuid = {165046B5-C9ED-4ED0-9CFD-CC70F2ADD9BA}
	EndGlobalSection
EndGlobal
